
Microsoft Visual Studio Solution File, Format Version 12.00
# Visual Studio Version 17
VisualStudioVersion = 17.9.34728.123
MinimumVisualStudioVersion = 10.0.40219.1
Project("{FAE04EC0-301F-11D3-BF4B-00C04F79EFBC}") = "TestProject", "TestProject.csproj", "{EE2D2BCC-6D47-4C1B-9989-F2617C9725FF}"
EndProject
Global
	GlobalSection(SolutionConfigurationPlatforms) = preSolution
		Debug|Any CPU = Debug|Any CPU
		Release|Any CPU = Release|Any CPU
	EndGlobalSection
	GlobalSection(ProjectConfigurationPlatforms) = postSolution
		{EE2D2BCC-6D47-4C1B-9989-F2617C9725FF}.Debug|Any CPU.ActiveCfg = Debug|Any CPU
		{EE2D2BCC-6D47-4C1B-9989-F2617C9725FF}.Debug|Any CPU.Build.0 = Debug|Any CPU
		{EE2D2BCC-6D47-4C1B-9989-F2617C9725FF}.Release|Any CPU.ActiveCfg = Release|Any CPU
		{EE2D2BCC-6D47-4C1B-9989-F2617C9725FF}.Release|Any CPU.Build.0 = Release|Any CPU
	EndGlobalSection
	GlobalSection(SolutionProperties) = preSolution
		HideSolutionNode = FALSE
	EndGlobalSection
	GlobalSection(ExtensibilityGlobals) = postSolution
		SolutionGuid = {308FB034-9218-454D-AED8-1E20A468C529}
	EndGlobalSection
EndGlobal
